
Microsoft Visual Studio Solution File, Format Version 12.00
# Visual Studio Version 17
VisualStudioVersion = 17.5.002.0
MinimumVisualStudioVersion = 10.0.40219.1
Project("{9A19103F-16F7-4668-BE54-9A1E7A4F7556}") = "ComputerStore", "ComputerStore.csproj", "{EEBF3244-97EF-48C2-B134-00317272F550}"
EndProject
Global
	GlobalSection(SolutionConfigurationPlatforms) = preSolution
		Debug|Any CPU = Debug|Any CPU
		Release|Any CPU = Release|Any CPU
	EndGlobalSection
	GlobalSection(ProjectConfigurationPlatforms) = postSolution
		{EEBF3244-97EF-48C2-B134-00317272F550}.Debug|Any CPU.ActiveCfg = Debug|Any CPU
		{EEBF3244-97EF-48C2-B134-00317272F550}.Debug|Any CPU.Build.0 = Debug|Any CPU
		{EEBF3244-97EF-48C2-B134-00317272F550}.Release|Any CPU.ActiveCfg = Release|Any CPU
		{EEBF3244-97EF-48C2-B134-00317272F550}.Release|Any CPU.Build.0 = Release|Any CPU
	EndGlobalSection
	GlobalSection(SolutionProperties) = preSolution
		HideSolutionNode = FALSE
	EndGlobalSection
	GlobalSection(ExtensibilityGlobals) = postSolution
		SolutionGuid = {0ADD0AD3-DE72-47BA-8608-388990EF5BD0}
	EndGlobalSection
EndGlobal
